
Microsoft Visual Studio Solution File, Format Version 12.00
# Visual Studio Version 16
VisualStudioVersion = 16.0.31402.337
MinimumVisualStudioVersion = 10.0.40219.1
Project("{FAE04EC0-301F-11D3-BF4B-00C04F79EFBC}") = "ElderlyCare", "ElderlyCare\ElderlyCare.csproj", "{4D4FEBCD-24F7-470D-BC8F-4827133A196D}"
EndProject
Project("{FAE04EC0-301F-11D3-BF4B-00C04F79EFBC}") = "ElderlyCare.Data", "ElderlyCare.Data\ElderlyCare.Data.csproj", "{56FEEAC0-2AA9-4276-BCFC-A3DD9C3A95AB}"
EndProject
Global
	GlobalSection(SolutionConfigurationPlatforms) = preSolution
		Debug|Any CPU = Debug|Any CPU
		Release|Any CPU = Release|Any CPU
	EndGlobalSection
	GlobalSection(ProjectConfigurationPlatforms) = postSolution
		{4D4FEBCD-24F7-470D-BC8F-4827133A196D}.Debug|Any CPU.ActiveCfg = Debug|Any CPU
		{4D4FEBCD-24F7-470D-BC8F-4827133A196D}.Debug|Any CPU.Build.0 = Debug|Any CPU
		{4D4FEBCD-24F7-470D-BC8F-4827133A196D}.Release|Any CPU.ActiveCfg = Release|Any CPU
		{4D4FEBCD-24F7-470D-BC8F-4827133A196D}.Release|Any CPU.Build.0 = Release|Any CPU
		{56FEEAC0-2AA9-4276-BCFC-A3DD9C3A95AB}.Debug|Any CPU.ActiveCfg = Debug|Any CPU
		{56FEEAC0-2AA9-4276-BCFC-A3DD9C3A95AB}.Debug|Any CPU.Build.0 = Debug|Any CPU
		{56FEEAC0-2AA9-4276-BCFC-A3DD9C3A95AB}.Release|Any CPU.ActiveCfg = Release|Any CPU
		{56FEEAC0-2AA9-4276-BCFC-A3DD9C3A95AB}.Release|Any CPU.Build.0 = Release|Any CPU
	EndGlobalSection
	GlobalSection(SolutionProperties) = preSolution
		HideSolutionNode = FALSE
	EndGlobalSection
	GlobalSection(ExtensibilityGlobals) = postSolution
		SolutionGuid = {367B7ECD-0ACC-494B-B810-BD4D159BDF50}
	EndGlobalSection
EndGlobal
